
Microsoft Visual Studio Solution File, Format Version 12.00
# Visual Studio 2013
VisualStudioVersion = 12.0.21005.1
MinimumVisualStudioVersion = 10.0.40219.1
Project("{FAE04EC0-301F-11D3-BF4B-00C04F79EFBC}") = "ConsoleApplication1", "ConsoleApplication1\ConsoleApplication1.csproj", "{016E3193-7418-440C-9B11-F8AD5C408298}"
EndProject
Project("{FAE04EC0-301F-11D3-BF4B-00C04F79EFBC}") = "WpfApplication1", "WpfApplication1\WpfApplication1.csproj", "{2833A77B-ADC7-4A54-AD5A-2EBA63054381}"
EndProject
Project("{FAE04EC0-301F-11D3-BF4B-00C04F79EFBC}") = "elementBinding", "elementBinding\elementBinding.csproj", "{5B84BEB5-F2D1-42D9-B5EB-32C6DDFF848A}"
EndProject
Project("{FAE04EC0-301F-11D3-BF4B-00C04F79EFBC}") = "MVVMdemo", "MVVMdemo\MVVMdemo.csproj", "{0E3569CE-C9B0-44AC-B2BC-B89767636E83}"
EndProject
Project("{FAE04EC0-301F-11D3-BF4B-00C04F79EFBC}") = "MVVMpracticalJoelCochran", "MVVMpracticalJoelCochran\MVVMpracticalJoelCochran.csproj", "{D5438A11-74EE-4B79-968A-E221C9A9D14C}"
EndProject
Project("{FAE04EC0-301F-11D3-BF4B-00C04F79EFBC}") = "DictionaryBindingTest", "WpfApplication2\DictionaryBindingTest.csproj", "{451CE764-398C-49F3-A8D4-4DCCD0D79356}"
EndProject
Global
	GlobalSection(SolutionConfigurationPlatforms) = preSolution
		Debug|Any CPU = Debug|Any CPU
		Debug|Mixed Platforms = Debug|Mixed Platforms
		Debug|x86 = Debug|x86
		Release|Any CPU = Release|Any CPU
		Release|Mixed Platforms = Release|Mixed Platforms
		Release|x86 = Release|x86
	EndGlobalSection
	GlobalSection(ProjectConfigurationPlatforms) = postSolution
		{016E3193-7418-440C-9B11-F8AD5C408298}.Debug|Any CPU.ActiveCfg = Debug|x86
		{016E3193-7418-440C-9B11-F8AD5C408298}.Debug|Mixed Platforms.ActiveCfg = Debug|x86
		{016E3193-7418-440C-9B11-F8AD5C408298}.Debug|Mixed Platforms.Build.0 = Debug|x86
		{016E3193-7418-440C-9B11-F8AD5C408298}.Debug|x86.ActiveCfg = Debug|x86
		{016E3193-7418-440C-9B11-F8AD5C408298}.Debug|x86.Build.0 = Debug|x86
		{016E3193-7418-440C-9B11-F8AD5C408298}.Release|Any CPU.ActiveCfg = Release|x86
		{016E3193-7418-440C-9B11-F8AD5C408298}.Release|Mixed Platforms.ActiveCfg = Release|x86
		{016E3193-7418-440C-9B11-F8AD5C408298}.Release|Mixed Platforms.Build.0 = Release|x86
		{016E3193-7418-440C-9B11-F8AD5C408298}.Release|x86.ActiveCfg = Release|x86
		{016E3193-7418-440C-9B11-F8AD5C408298}.Release|x86.Build.0 = Release|x86
		{2833A77B-ADC7-4A54-AD5A-2EBA63054381}.Debug|Any CPU.ActiveCfg = Debug|x86
		{2833A77B-ADC7-4A54-AD5A-2EBA63054381}.Debug|Mixed Platforms.ActiveCfg = Debug|x86
		{2833A77B-ADC7-4A54-AD5A-2EBA63054381}.Debug|Mixed Platforms.Build.0 = Debug|x86
		{2833A77B-ADC7-4A54-AD5A-2EBA63054381}.Debug|x86.ActiveCfg = Debug|x86
		{2833A77B-ADC7-4A54-AD5A-2EBA63054381}.Debug|x86.Build.0 = Debug|x86
		{2833A77B-ADC7-4A54-AD5A-2EBA63054381}.Release|Any CPU.ActiveCfg = Release|x86
		{2833A77B-ADC7-4A54-AD5A-2EBA63054381}.Release|Mixed Platforms.ActiveCfg = Release|x86
		{2833A77B-ADC7-4A54-AD5A-2EBA63054381}.Release|Mixed Platforms.Build.0 = Release|x86
		{2833A77B-ADC7-4A54-AD5A-2EBA63054381}.Release|x86.ActiveCfg = Release|x86
		{2833A77B-ADC7-4A54-AD5A-2EBA63054381}.Release|x86.Build.0 = Release|x86
		{5B84BEB5-F2D1-42D9-B5EB-32C6DDFF848A}.Debug|Any CPU.ActiveCfg = Debug|Any CPU
		{5B84BEB5-F2D1-42D9-B5EB-32C6DDFF848A}.Debug|Any CPU.Build.0 = Debug|Any CPU
		{5B84BEB5-F2D1-42D9-B5EB-32C6DDFF848A}.Debug|Mixed Platforms.ActiveCfg = Debug|Any CPU
		{5B84BEB5-F2D1-42D9-B5EB-32C6DDFF848A}.Debug|Mixed Platforms.Build.0 = Debug|Any CPU
		{5B84BEB5-F2D1-42D9-B5EB-32C6DDFF848A}.Debug|x86.ActiveCfg = Debug|Any CPU
		{5B84BEB5-F2D1-42D9-B5EB-32C6DDFF848A}.Release|Any CPU.ActiveCfg = Release|Any CPU
		{5B84BEB5-F2D1-42D9-B5EB-32C6DDFF848A}.Release|Any CPU.Build.0 = Release|Any CPU
		{5B84BEB5-F2D1-42D9-B5EB-32C6DDFF848A}.Release|Mixed Platforms.ActiveCfg = Release|Any CPU
		{5B84BEB5-F2D1-42D9-B5EB-32C6DDFF848A}.Release|Mixed Platforms.Build.0 = Release|Any CPU
		{5B84BEB5-F2D1-42D9-B5EB-32C6DDFF848A}.Release|x86.ActiveCfg = Release|Any CPU
		{0E3569CE-C9B0-44AC-B2BC-B89767636E83}.Debug|Any CPU.ActiveCfg = Debug|Any CPU
		{0E3569CE-C9B0-44AC-B2BC-B89767636E83}.Debug|Any CPU.Build.0 = Debug|Any CPU
		{0E3569CE-C9B0-44AC-B2BC-B89767636E83}.Debug|Mixed Platforms.ActiveCfg = Debug|Any CPU
		{0E3569CE-C9B0-44AC-B2BC-B89767636E83}.Debug|Mixed Platforms.Build.0 = Debug|Any CPU
		{0E3569CE-C9B0-44AC-B2BC-B89767636E83}.Debug|x86.ActiveCfg = Debug|Any CPU
		{0E3569CE-C9B0-44AC-B2BC-B89767636E83}.Release|Any CPU.ActiveCfg = Release|Any CPU
		{0E3569CE-C9B0-44AC-B2BC-B89767636E83}.Release|Any CPU.Build.0 = Release|Any CPU
		{0E3569CE-C9B0-44AC-B2BC-B89767636E83}.Release|Mixed Platforms.ActiveCfg = Release|Any CPU
		{0E3569CE-C9B0-44AC-B2BC-B89767636E83}.Release|Mixed Platforms.Build.0 = Release|Any CPU
		{0E3569CE-C9B0-44AC-B2BC-B89767636E83}.Release|x86.ActiveCfg = Release|Any CPU
		{D5438A11-74EE-4B79-968A-E221C9A9D14C}.Debug|Any CPU.ActiveCfg = Debug|Any CPU
		{D5438A11-74EE-4B79-968A-E221C9A9D14C}.Debug|Any CPU.Build.0 = Debug|Any CPU
		{D5438A11-74EE-4B79-968A-E221C9A9D14C}.Debug|Mixed Platforms.ActiveCfg = Debug|Any CPU
		{D5438A11-74EE-4B79-968A-E221C9A9D14C}.Debug|Mixed Platforms.Build.0 = Debug|Any CPU
		{D5438A11-74EE-4B79-968A-E221C9A9D14C}.Debug|x86.ActiveCfg = Debug|Any CPU
		{D5438A11-74EE-4B79-968A-E221C9A9D14C}.Release|Any CPU.ActiveCfg = Release|Any CPU
		{D5438A11-74EE-4B79-968A-E221C9A9D14C}.Release|Any CPU.Build.0 = Release|Any CPU
		{D5438A11-74EE-4B79-968A-E221C9A9D14C}.Release|Mixed Platforms.ActiveCfg = Release|Any CPU
		{D5438A11-74EE-4B79-968A-E221C9A9D14C}.Release|Mixed Platforms.Build.0 = Release|Any CPU
		{D5438A11-74EE-4B79-968A-E221C9A9D14C}.Release|x86.ActiveCfg = Release|Any CPU
		{451CE764-398C-49F3-A8D4-4DCCD0D79356}.Debug|Any CPU.ActiveCfg = Debug|Any CPU
		{451CE764-398C-49F3-A8D4-4DCCD0D79356}.Debug|Any CPU.Build.0 = Debug|Any CPU
		{451CE764-398C-49F3-A8D4-4DCCD0D79356}.Debug|Mixed Platforms.ActiveCfg = Debug|Any CPU
		{451CE764-398C-49F3-A8D4-4DCCD0D79356}.Debug|Mixed Platforms.Build.0 = Debug|Any CPU
		{451CE764-398C-49F3-A8D4-4DCCD0D79356}.Debug|x86.ActiveCfg = Debug|Any CPU
		{451CE764-398C-49F3-A8D4-4DCCD0D79356}.Release|Any CPU.ActiveCfg = Release|Any CPU
		{451CE764-398C-49F3-A8D4-4DCCD0D79356}.Release|Any CPU.Build.0 = Release|Any CPU
		{451CE764-398C-49F3-A8D4-4DCCD0D79356}.Release|Mixed Platforms.ActiveCfg = Release|Any CPU
		{451CE764-398C-49F3-A8D4-4DCCD0D79356}.Release|Mixed Platforms.Build.0 = Release|Any CPU
		{451CE764-398C-49F3-A8D4-4DCCD0D79356}.Release|x86.ActiveCfg = Release|Any CPU
	EndGlobalSection
	GlobalSection(SolutionProperties) = preSolution
		HideSolutionNode = FALSE
	EndGlobalSection
EndGlobal
